
Microsoft Visual Studio Solution File, Format Version 12.00
# Visual Studio Version 17
VisualStudioVersion = 17.9.34902.65
MinimumVisualStudioVersion = 10.0.40219.1
Project("{FAE04EC0-301F-11D3-BF4B-00C04F79EFBC}") = "day21", "day21\day21.csproj", "{4A870D8D-A22D-49C1-B018-98160BB5F719}"
EndProject
Global
	GlobalSection(SolutionConfigurationPlatforms) = preSolution
		Debug|Any CPU = Debug|Any CPU
		Release|Any CPU = Release|Any CPU
	EndGlobalSection
	GlobalSection(ProjectConfigurationPlatforms) = postSolution
		{4A870D8D-A22D-49C1-B018-98160BB5F719}.Debug|Any CPU.ActiveCfg = Debug|Any CPU
		{4A870D8D-A22D-49C1-B018-98160BB5F719}.Debug|Any CPU.Build.0 = Debug|Any CPU
		{4A870D8D-A22D-49C1-B018-98160BB5F719}.Release|Any CPU.ActiveCfg = Release|Any CPU
		{4A870D8D-A22D-49C1-B018-98160BB5F719}.Release|Any CPU.Build.0 = Release|Any CPU
	EndGlobalSection
	GlobalSection(SolutionProperties) = preSolution
		HideSolutionNode = FALSE
	EndGlobalSection
	GlobalSection(ExtensibilityGlobals) = postSolution
		SolutionGuid = {14A94AA7-A932-4512-BD7A-7D6F313997C3}
	EndGlobalSection
EndGlobal
